
Microsoft Visual Studio Solution File, Format Version 12.00
# Visual Studio 14
VisualStudioVersion = 14.0.23107.0
MinimumVisualStudioVersion = 10.0.40219.1
Project("{FAE04EC0-301F-11D3-BF4B-00C04F79EFBC}") = "_FERHRI.Analog.GUI", "_FERHRI.Analog.GUI.csproj", "{DF36BA19-CB21-4B71-86BC-E5B17306AF4C}"
EndProject
Project("{2150E333-8FDC-42A3-9474-1A3956D46DE8}") = "Amur", "Amur", "{F5061F62-271A-47F3-8978-3B428F1C47D8}"
EndProject
Project("{FAE04EC0-301F-11D3-BF4B-00C04F79EFBC}") = "Common", "..\..\Amur.20\Common\Common.csproj", "{31660004-130A-4001-A6D0-F8209EE3A3E6}"
EndProject
Project("{FAE04EC0-301F-11D3-BF4B-00C04F79EFBC}") = "Analog", "..\..\Analog\Analog.csproj", "{64B23018-1E62-474B-96A8-FD012D127F13}"
EndProject
Project("{FAE04EC0-301F-11D3-BF4B-00C04F79EFBC}") = "AnalogDAL", "..\..\Analog\AnalogDAL\AnalogDAL.csproj", "{CAFD129D-066E-4DC0-9FFC-BD38D171ADD1}"
EndProject
Project("{FAE04EC0-301F-11D3-BF4B-00C04F79EFBC}") = "MetaDb", "..\..\DB\MetaDb\MetaDb.csproj", "{BE1BF21C-ED6E-4C0E-8A9F-457BFB26D7A9}"
EndProject
Project("{2150E333-8FDC-42A3-9474-1A3956D46DE8}") = "DB", "DB", "{B8E8EEC3-46C0-470A-AFD6-658917133746}"
EndProject
Project("{FAE04EC0-301F-11D3-BF4B-00C04F79EFBC}") = "MetaDbDAL", "..\..\DB\MetaDb\MetaDbDAL\MetaDbDAL.csproj", "{4FB058DB-17EA-4BE8-969C-D6049D9B4AE3}"
EndProject
Project("{FAE04EC0-301F-11D3-BF4B-00C04F79EFBC}") = "Catalog", "..\..\Catalog\Catalog.csproj", "{EC1F2118-3EB9-421E-820F-6EA352CAEF82}"
EndProject
Project("{FAE04EC0-301F-11D3-BF4B-00C04F79EFBC}") = "SakuraMeta", "..\..\Sakura\Meta\SakuraMeta.csproj", "{955057A0-70ED-4CB8-9E2F-131785783353}"
EndProject
Project("{2150E333-8FDC-42A3-9474-1A3956D46DE8}") = "Sakura", "Sakura", "{29D3A702-0981-4F48-9B43-87223DD88645}"
EndProject
Project("{FAE04EC0-301F-11D3-BF4B-00C04F79EFBC}") = "SakuraMetaDAL", "..\..\Sakura\MetaDAL\SakuraMetaDAL.csproj", "{1BA329AF-E668-4CA0-BF8A-480889A0A212}"
EndProject
Project("{2150E333-8FDC-42A3-9474-1A3956D46DE8}") = "FERHRI", "FERHRI", "{DE5C5C2A-77A8-423B-A248-6DAF95D6799F}"
EndProject
Project("{FAE04EC0-301F-11D3-BF4B-00C04F79EFBC}") = "Enums", "..\..\Sakura\Enums\Enums.csproj", "{D629F71D-6E70-4643-86CF-7FF114852E2E}"
EndProject
Project("{FAE04EC0-301F-11D3-BF4B-00C04F79EFBC}") = "Grib", "..\..\Grib\Grib.csproj", "{B0362C23-4F7A-4A27-91C8-9772F850A3B0}"
EndProject
Project("{FAE04EC0-301F-11D3-BF4B-00C04F79EFBC}") = "Geo", "..\..\Geo\Geo.csproj", "{34F63CAA-4627-4434-BE40-16AC1B3D2541}"
EndProject
Project("{FAE04EC0-301F-11D3-BF4B-00C04F79EFBC}") = "Field", "..\..\Field\Field.csproj", "{56323A85-FDE4-4A36-8D34-38430CEF22F1}"
EndProject
Project("{2150E333-8FDC-42A3-9474-1A3956D46DE8}") = "MetaDb", "MetaDb", "{74D72FC6-DD10-41B8-B2CF-315385902379}"
EndProject
Project("{FAE04EC0-301F-11D3-BF4B-00C04F79EFBC}") = "CommonUC", "..\..\Amur.20\Common\CommonUC\CommonUC.csproj", "{BB34A841-7CBE-4C0D-8268-6AECE9B7271E}"
EndProject
Project("{FAE04EC0-301F-11D3-BF4B-00C04F79EFBC}") = "AmurMeta", "..\..\Amur.20\Meta\AmurMeta.csproj", "{9FF17C08-FFD4-40FB-A371-C5907B7B4D27}"
EndProject
Project("{FAE04EC0-301F-11D3-BF4B-00C04F79EFBC}") = "AmurMetaDAL", "..\..\Amur.20\MetaDAL\AmurMetaDAL.csproj", "{73194647-7254-44FE-86A1-97AAF2B47F88}"
EndProject
Project("{FAE04EC0-301F-11D3-BF4B-00C04F79EFBC}") = "MetaUC", "..\..\Amur.20\MetaUC\MetaUC.csproj", "{C4931B62-231A-4B86-9A36-8E42B3A174D8}"
EndProject
Project("{FAE04EC0-301F-11D3-BF4B-00C04F79EFBC}") = "DataDAL", "..\..\Sakura\DataDAL\DataDAL.csproj", "{B659476A-A6A2-4089-93A3-5DF2060520F1}"
EndProject
Project("{FAE04EC0-301F-11D3-BF4B-00C04F79EFBC}") = "MetaDbFactory", "..\..\DB\MetaDbFactory\MetaDbFactory.csproj", "{C7A11CE9-B306-4232-BB37-EDAA90445C49}"
EndProject
Project("{FAE04EC0-301F-11D3-BF4B-00C04F79EFBC}") = "Interfaces", "..\..\DB\Interfaces\Interfaces.csproj", "{F7E8241B-6360-4A7A-8BB3-537288B2A3A1}"
EndProject
Project("{FAE04EC0-301F-11D3-BF4B-00C04F79EFBC}") = "Data", "..\..\Sakura\Data\Data.csproj", "{DA2B14D6-B69E-4D16-BC48-4788A106316C}"
EndProject
Project("{FAE04EC0-301F-11D3-BF4B-00C04F79EFBC}") = "DataFileGrib", "..\..\Sakura\DataFileGrib\DataFileGrib.csproj", "{6B880F27-F5A3-4175-AB21-477816CD5ABC}"
EndProject
Project("{FAE04EC0-301F-11D3-BF4B-00C04F79EFBC}") = "AnalogUC", "..\..\Analog\AnalogUC\AnalogUC.csproj", "{C25E2721-9837-490C-B659-130BE2B34AF4}"
EndProject
Project("{FAE04EC0-301F-11D3-BF4B-00C04F79EFBC}") = "AnalogLRFStn", "..\..\Analog\AnalogLRFStn\AnalogLRFStn.csproj", "{F4E26F8C-C8CB-4708-8153-3C39D4EAF681}"
EndProject
Project("{FAE04EC0-301F-11D3-BF4B-00C04F79EFBC}") = "DateTimeProcess", "..\..\Sakura\DateTimeProcess\DateTimeProcess.csproj", "{C73309B8-3A30-4812-8C92-FEFBC5C50A98}"
EndProject
Project("{FAE04EC0-301F-11D3-BF4B-00C04F79EFBC}") = "CommonMath", "..\..\Amur.20\CommonMath\CommonMath.csproj", "{FFE71285-3013-4590-8130-6D5C559153CA}"
EndProject
Project("{FAE04EC0-301F-11D3-BF4B-00C04F79EFBC}") = "AmurDataDAL", "..\..\Amur.20\DataDAL\AmurDataDAL.csproj", "{7372CB1E-D1A2-4021-813D-0D02C1271A8C}"
EndProject
Project("{FAE04EC0-301F-11D3-BF4B-00C04F79EFBC}") = "AmurData", "..\..\Amur.20\Data\AmurData.csproj", "{05E27F14-D92F-415D-B6AC-6EC2A28ACF98}"
EndProject
Global
	GlobalSection(SolutionConfigurationPlatforms) = preSolution
		Debug|Any CPU = Debug|Any CPU
		Release|Any CPU = Release|Any CPU
	EndGlobalSection
	GlobalSection(ProjectConfigurationPlatforms) = postSolution
		{DF36BA19-CB21-4B71-86BC-E5B17306AF4C}.Debug|Any CPU.ActiveCfg = Debug|Any CPU
		{DF36BA19-CB21-4B71-86BC-E5B17306AF4C}.Debug|Any CPU.Build.0 = Debug|Any CPU
		{DF36BA19-CB21-4B71-86BC-E5B17306AF4C}.Release|Any CPU.ActiveCfg = Release|Any CPU
		{DF36BA19-CB21-4B71-86BC-E5B17306AF4C}.Release|Any CPU.Build.0 = Release|Any CPU
		{31660004-130A-4001-A6D0-F8209EE3A3E6}.Debug|Any CPU.ActiveCfg = Debug|Any CPU
		{31660004-130A-4001-A6D0-F8209EE3A3E6}.Debug|Any CPU.Build.0 = Debug|Any CPU
		{31660004-130A-4001-A6D0-F8209EE3A3E6}.Release|Any CPU.ActiveCfg = Release|Any CPU
		{31660004-130A-4001-A6D0-F8209EE3A3E6}.Release|Any CPU.Build.0 = Release|Any CPU
		{64B23018-1E62-474B-96A8-FD012D127F13}.Debug|Any CPU.ActiveCfg = Debug|Any CPU
		{64B23018-1E62-474B-96A8-FD012D127F13}.Debug|Any CPU.Build.0 = Debug|Any CPU
		{64B23018-1E62-474B-96A8-FD012D127F13}.Release|Any CPU.ActiveCfg = Release|Any CPU
		{64B23018-1E62-474B-96A8-FD012D127F13}.Release|Any CPU.Build.0 = Release|Any CPU
		{CAFD129D-066E-4DC0-9FFC-BD38D171ADD1}.Debug|Any CPU.ActiveCfg = Debug|Any CPU
		{CAFD129D-066E-4DC0-9FFC-BD38D171ADD1}.Debug|Any CPU.Build.0 = Debug|Any CPU
		{CAFD129D-066E-4DC0-9FFC-BD38D171ADD1}.Release|Any CPU.ActiveCfg = Release|Any CPU
		{CAFD129D-066E-4DC0-9FFC-BD38D171ADD1}.Release|Any CPU.Build.0 = Release|Any CPU
		{BE1BF21C-ED6E-4C0E-8A9F-457BFB26D7A9}.Debug|Any CPU.ActiveCfg = Debug|Any CPU
		{BE1BF21C-ED6E-4C0E-8A9F-457BFB26D7A9}.Debug|Any CPU.Build.0 = Debug|Any CPU
		{BE1BF21C-ED6E-4C0E-8A9F-457BFB26D7A9}.Release|Any CPU.ActiveCfg = Release|Any CPU
		{BE1BF21C-ED6E-4C0E-8A9F-457BFB26D7A9}.Release|Any CPU.Build.0 = Release|Any CPU
		{4FB058DB-17EA-4BE8-969C-D6049D9B4AE3}.Debug|Any CPU.ActiveCfg = Debug|Any CPU
		{4FB058DB-17EA-4BE8-969C-D6049D9B4AE3}.Debug|Any CPU.Build.0 = Debug|Any CPU
		{4FB058DB-17EA-4BE8-969C-D6049D9B4AE3}.Release|Any CPU.ActiveCfg = Release|Any CPU
		{4FB058DB-17EA-4BE8-969C-D6049D9B4AE3}.Release|Any CPU.Build.0 = Release|Any CPU
		{EC1F2118-3EB9-421E-820F-6EA352CAEF82}.Debug|Any CPU.ActiveCfg = Debug|Any CPU
		{EC1F2118-3EB9-421E-820F-6EA352CAEF82}.Debug|Any CPU.Build.0 = Debug|Any CPU
		{EC1F2118-3EB9-421E-820F-6EA352CAEF82}.Release|Any CPU.ActiveCfg = Release|Any CPU
		{EC1F2118-3EB9-421E-820F-6EA352CAEF82}.Release|Any CPU.Build.0 = Release|Any CPU
		{955057A0-70ED-4CB8-9E2F-131785783353}.Debug|Any CPU.ActiveCfg = Debug|Any CPU
		{955057A0-70ED-4CB8-9E2F-131785783353}.Debug|Any CPU.Build.0 = Debug|Any CPU
		{955057A0-70ED-4CB8-9E2F-131785783353}.Release|Any CPU.ActiveCfg = Release|Any CPU
		{955057A0-70ED-4CB8-9E2F-131785783353}.Release|Any CPU.Build.0 = Release|Any CPU
		{1BA329AF-E668-4CA0-BF8A-480889A0A212}.Debug|Any CPU.ActiveCfg = Debug|Any CPU
		{1BA329AF-E668-4CA0-BF8A-480889A0A212}.Debug|Any CPU.Build.0 = Debug|Any CPU
		{1BA329AF-E668-4CA0-BF8A-480889A0A212}.Release|Any CPU.ActiveCfg = Release|Any CPU
		{1BA329AF-E668-4CA0-BF8A-480889A0A212}.Release|Any CPU.Build.0 = Release|Any CPU
		{D629F71D-6E70-4643-86CF-7FF114852E2E}.Debug|Any CPU.ActiveCfg = Debug|Any CPU
		{D629F71D-6E70-4643-86CF-7FF114852E2E}.Debug|Any CPU.Build.0 = Debug|Any CPU
		{D629F71D-6E70-4643-86CF-7FF114852E2E}.Release|Any CPU.ActiveCfg = Release|Any CPU
		{D629F71D-6E70-4643-86CF-7FF114852E2E}.Release|Any CPU.Build.0 = Release|Any CPU
		{B0362C23-4F7A-4A27-91C8-9772F850A3B0}.Debug|Any CPU.ActiveCfg = Debug|Any CPU
		{B0362C23-4F7A-4A27-91C8-9772F850A3B0}.Debug|Any CPU.Build.0 = Debug|Any CPU
		{B0362C23-4F7A-4A27-91C8-9772F850A3B0}.Release|Any CPU.ActiveCfg = Release|Any CPU
		{B0362C23-4F7A-4A27-91C8-9772F850A3B0}.Release|Any CPU.Build.0 = Release|Any CPU
		{34F63CAA-4627-4434-BE40-16AC1B3D2541}.Debug|Any CPU.ActiveCfg = Debug|Any CPU
		{34F63CAA-4627-4434-BE40-16AC1B3D2541}.Debug|Any CPU.Build.0 = Debug|Any CPU
		{34F63CAA-4627-4434-BE40-16AC1B3D2541}.Release|Any CPU.ActiveCfg = Release|Any CPU
		{34F63CAA-4627-4434-BE40-16AC1B3D2541}.Release|Any CPU.Build.0 = Release|Any CPU
		{56323A85-FDE4-4A36-8D34-38430CEF22F1}.Debug|Any CPU.ActiveCfg = Debug|Any CPU
		{56323A85-FDE4-4A36-8D34-38430CEF22F1}.Debug|Any CPU.Build.0 = Debug|Any CPU
		{56323A85-FDE4-4A36-8D34-38430CEF22F1}.Release|Any CPU.ActiveCfg = Release|Any CPU
		{56323A85-FDE4-4A36-8D34-38430CEF22F1}.Release|Any CPU.Build.0 = Release|Any CPU
		{BB34A841-7CBE-4C0D-8268-6AECE9B7271E}.Debug|Any CPU.ActiveCfg = Debug|Any CPU
		{BB34A841-7CBE-4C0D-8268-6AECE9B7271E}.Debug|Any CPU.Build.0 = Debug|Any CPU
		{BB34A841-7CBE-4C0D-8268-6AECE9B7271E}.Release|Any CPU.ActiveCfg = Release|Any CPU
		{BB34A841-7CBE-4C0D-8268-6AECE9B7271E}.Release|Any CPU.Build.0 = Release|Any CPU
		{9FF17C08-FFD4-40FB-A371-C5907B7B4D27}.Debug|Any CPU.ActiveCfg = Debug|Any CPU
		{9FF17C08-FFD4-40FB-A371-C5907B7B4D27}.Debug|Any CPU.Build.0 = Debug|Any CPU
		{9FF17C08-FFD4-40FB-A371-C5907B7B4D27}.Release|Any CPU.ActiveCfg = Release|Any CPU
		{9FF17C08-FFD4-40FB-A371-C5907B7B4D27}.Release|Any CPU.Build.0 = Release|Any CPU
		{73194647-7254-44FE-86A1-97AAF2B47F88}.Debug|Any CPU.ActiveCfg = Debug|Any CPU
		{73194647-7254-44FE-86A1-97AAF2B47F88}.Debug|Any CPU.Build.0 = Debug|Any CPU
		{73194647-7254-44FE-86A1-97AAF2B47F88}.Release|Any CPU.ActiveCfg = Release|Any CPU
		{73194647-7254-44FE-86A1-97AAF2B47F88}.Release|Any CPU.Build.0 = Release|Any CPU
		{C4931B62-231A-4B86-9A36-8E42B3A174D8}.Debug|Any CPU.ActiveCfg = Debug|Any CPU
		{C4931B62-231A-4B86-9A36-8E42B3A174D8}.Debug|Any CPU.Build.0 = Debug|Any CPU
		{C4931B62-231A-4B86-9A36-8E42B3A174D8}.Release|Any CPU.ActiveCfg = Release|Any CPU
		{C4931B62-231A-4B86-9A36-8E42B3A174D8}.Release|Any CPU.Build.0 = Release|Any CPU
		{B659476A-A6A2-4089-93A3-5DF2060520F1}.Debug|Any CPU.ActiveCfg = Debug|Any CPU
		{B659476A-A6A2-4089-93A3-5DF2060520F1}.Debug|Any CPU.Build.0 = Debug|Any CPU
		{B659476A-A6A2-4089-93A3-5DF2060520F1}.Release|Any CPU.ActiveCfg = Release|Any CPU
		{B659476A-A6A2-4089-93A3-5DF2060520F1}.Release|Any CPU.Build.0 = Release|Any CPU
		{C7A11CE9-B306-4232-BB37-EDAA90445C49}.Debug|Any CPU.ActiveCfg = Debug|Any CPU
		{C7A11CE9-B306-4232-BB37-EDAA90445C49}.Debug|Any CPU.Build.0 = Debug|Any CPU
		{C7A11CE9-B306-4232-BB37-EDAA90445C49}.Release|Any CPU.ActiveCfg = Release|Any CPU
		{C7A11CE9-B306-4232-BB37-EDAA90445C49}.Release|Any CPU.Build.0 = Release|Any CPU
		{F7E8241B-6360-4A7A-8BB3-537288B2A3A1}.Debug|Any CPU.ActiveCfg = Debug|Any CPU
		{F7E8241B-6360-4A7A-8BB3-537288B2A3A1}.Debug|Any CPU.Build.0 = Debug|Any CPU
		{F7E8241B-6360-4A7A-8BB3-537288B2A3A1}.Release|Any CPU.ActiveCfg = Release|Any CPU
		{F7E8241B-6360-4A7A-8BB3-537288B2A3A1}.Release|Any CPU.Build.0 = Release|Any CPU
		{DA2B14D6-B69E-4D16-BC48-4788A106316C}.Debug|Any CPU.ActiveCfg = Debug|Any CPU
		{DA2B14D6-B69E-4D16-BC48-4788A106316C}.Debug|Any CPU.Build.0 = Debug|Any CPU
		{DA2B14D6-B69E-4D16-BC48-4788A106316C}.Release|Any CPU.ActiveCfg = Release|Any CPU
		{DA2B14D6-B69E-4D16-BC48-4788A106316C}.Release|Any CPU.Build.0 = Release|Any CPU
		{6B880F27-F5A3-4175-AB21-477816CD5ABC}.Debug|Any CPU.ActiveCfg = Debug|Any CPU
		{6B880F27-F5A3-4175-AB21-477816CD5ABC}.Debug|Any CPU.Build.0 = Debug|Any CPU
		{6B880F27-F5A3-4175-AB21-477816CD5ABC}.Release|Any CPU.ActiveCfg = Release|Any CPU
		{6B880F27-F5A3-4175-AB21-477816CD5ABC}.Release|Any CPU.Build.0 = Release|Any CPU
		{C25E2721-9837-490C-B659-130BE2B34AF4}.Debug|Any CPU.ActiveCfg = Debug|Any CPU
		{C25E2721-9837-490C-B659-130BE2B34AF4}.Debug|Any CPU.Build.0 = Debug|Any CPU
		{C25E2721-9837-490C-B659-130BE2B34AF4}.Release|Any CPU.ActiveCfg = Release|Any CPU
		{C25E2721-9837-490C-B659-130BE2B34AF4}.Release|Any CPU.Build.0 = Release|Any CPU
		{F4E26F8C-C8CB-4708-8153-3C39D4EAF681}.Debug|Any CPU.ActiveCfg = Debug|Any CPU
		{F4E26F8C-C8CB-4708-8153-3C39D4EAF681}.Debug|Any CPU.Build.0 = Debug|Any CPU
		{F4E26F8C-C8CB-4708-8153-3C39D4EAF681}.Release|Any CPU.ActiveCfg = Release|Any CPU
		{F4E26F8C-C8CB-4708-8153-3C39D4EAF681}.Release|Any CPU.Build.0 = Release|Any CPU
		{C73309B8-3A30-4812-8C92-FEFBC5C50A98}.Debug|Any CPU.ActiveCfg = Debug|Any CPU
		{C73309B8-3A30-4812-8C92-FEFBC5C50A98}.Debug|Any CPU.Build.0 = Debug|Any CPU
		{C73309B8-3A30-4812-8C92-FEFBC5C50A98}.Release|Any CPU.ActiveCfg = Release|Any CPU
		{C73309B8-3A30-4812-8C92-FEFBC5C50A98}.Release|Any CPU.Build.0 = Release|Any CPU
		{FFE71285-3013-4590-8130-6D5C559153CA}.Debug|Any CPU.ActiveCfg = Debug|Any CPU
		{FFE71285-3013-4590-8130-6D5C559153CA}.Debug|Any CPU.Build.0 = Debug|Any CPU
		{FFE71285-3013-4590-8130-6D5C559153CA}.Release|Any CPU.ActiveCfg = Release|Any CPU
		{FFE71285-3013-4590-8130-6D5C559153CA}.Release|Any CPU.Build.0 = Release|Any CPU
		{7372CB1E-D1A2-4021-813D-0D02C1271A8C}.Debug|Any CPU.ActiveCfg = Debug|Any CPU
		{7372CB1E-D1A2-4021-813D-0D02C1271A8C}.Debug|Any CPU.Build.0 = Debug|Any CPU
		{7372CB1E-D1A2-4021-813D-0D02C1271A8C}.Release|Any CPU.ActiveCfg = Release|Any CPU
		{7372CB1E-D1A2-4021-813D-0D02C1271A8C}.Release|Any CPU.Build.0 = Release|Any CPU
		{05E27F14-D92F-415D-B6AC-6EC2A28ACF98}.Debug|Any CPU.ActiveCfg = Debug|Any CPU
		{05E27F14-D92F-415D-B6AC-6EC2A28ACF98}.Debug|Any CPU.Build.0 = Debug|Any CPU
		{05E27F14-D92F-415D-B6AC-6EC2A28ACF98}.Release|Any CPU.ActiveCfg = Release|Any CPU
		{05E27F14-D92F-415D-B6AC-6EC2A28ACF98}.Release|Any CPU.Build.0 = Release|Any CPU
	EndGlobalSection
	GlobalSection(SolutionProperties) = preSolution
		HideSolutionNode = FALSE
	EndGlobalSection
	GlobalSection(NestedProjects) = preSolution
		{31660004-130A-4001-A6D0-F8209EE3A3E6} = {F5061F62-271A-47F3-8978-3B428F1C47D8}
		{BE1BF21C-ED6E-4C0E-8A9F-457BFB26D7A9} = {74D72FC6-DD10-41B8-B2CF-315385902379}
		{B8E8EEC3-46C0-470A-AFD6-658917133746} = {DE5C5C2A-77A8-423B-A248-6DAF95D6799F}
		{4FB058DB-17EA-4BE8-969C-D6049D9B4AE3} = {74D72FC6-DD10-41B8-B2CF-315385902379}
		{EC1F2118-3EB9-421E-820F-6EA352CAEF82} = {DE5C5C2A-77A8-423B-A248-6DAF95D6799F}
		{955057A0-70ED-4CB8-9E2F-131785783353} = {29D3A702-0981-4F48-9B43-87223DD88645}
		{29D3A702-0981-4F48-9B43-87223DD88645} = {DE5C5C2A-77A8-423B-A248-6DAF95D6799F}
		{1BA329AF-E668-4CA0-BF8A-480889A0A212} = {29D3A702-0981-4F48-9B43-87223DD88645}
		{D629F71D-6E70-4643-86CF-7FF114852E2E} = {29D3A702-0981-4F48-9B43-87223DD88645}
		{B0362C23-4F7A-4A27-91C8-9772F850A3B0} = {DE5C5C2A-77A8-423B-A248-6DAF95D6799F}
		{34F63CAA-4627-4434-BE40-16AC1B3D2541} = {DE5C5C2A-77A8-423B-A248-6DAF95D6799F}
		{56323A85-FDE4-4A36-8D34-38430CEF22F1} = {DE5C5C2A-77A8-423B-A248-6DAF95D6799F}
		{74D72FC6-DD10-41B8-B2CF-315385902379} = {B8E8EEC3-46C0-470A-AFD6-658917133746}
		{BB34A841-7CBE-4C0D-8268-6AECE9B7271E} = {F5061F62-271A-47F3-8978-3B428F1C47D8}
		{9FF17C08-FFD4-40FB-A371-C5907B7B4D27} = {F5061F62-271A-47F3-8978-3B428F1C47D8}
		{73194647-7254-44FE-86A1-97AAF2B47F88} = {F5061F62-271A-47F3-8978-3B428F1C47D8}
		{C4931B62-231A-4B86-9A36-8E42B3A174D8} = {F5061F62-271A-47F3-8978-3B428F1C47D8}
		{B659476A-A6A2-4089-93A3-5DF2060520F1} = {29D3A702-0981-4F48-9B43-87223DD88645}
		{C7A11CE9-B306-4232-BB37-EDAA90445C49} = {74D72FC6-DD10-41B8-B2CF-315385902379}
		{F7E8241B-6360-4A7A-8BB3-537288B2A3A1} = {B8E8EEC3-46C0-470A-AFD6-658917133746}
		{DA2B14D6-B69E-4D16-BC48-4788A106316C} = {29D3A702-0981-4F48-9B43-87223DD88645}
		{6B880F27-F5A3-4175-AB21-477816CD5ABC} = {29D3A702-0981-4F48-9B43-87223DD88645}
		{C73309B8-3A30-4812-8C92-FEFBC5C50A98} = {29D3A702-0981-4F48-9B43-87223DD88645}
		{FFE71285-3013-4590-8130-6D5C559153CA} = {F5061F62-271A-47F3-8978-3B428F1C47D8}
		{7372CB1E-D1A2-4021-813D-0D02C1271A8C} = {F5061F62-271A-47F3-8978-3B428F1C47D8}
		{05E27F14-D92F-415D-B6AC-6EC2A28ACF98} = {F5061F62-271A-47F3-8978-3B428F1C47D8}
	EndGlobalSection
EndGlobal
