
Microsoft Visual Studio Solution File, Format Version 12.00
# Visual Studio 14
VisualStudioVersion = 14.0.25420.1
MinimumVisualStudioVersion = 10.0.40219.1
Project("{FAE04EC0-301F-11D3-BF4B-00C04F79EFBC}") = "Import.FERHRISalary", "Import.FERHRISalary.csproj", "{D8EBC812-E4BD-4D0F-B87C-DB3FFB501651}"
EndProject
Project("{FAE04EC0-301F-11D3-BF4B-00C04F79EFBC}") = "SocialBL", "..\..\Social\SocialBL\SocialBL.csproj", "{DA541FAB-7762-49A4-BC85-F6FF4D74E28B}"
EndProject
Project("{FAE04EC0-301F-11D3-BF4B-00C04F79EFBC}") = "SocialDAL", "..\..\Social\SocialDAL\SocialDAL.csproj", "{81804CF3-0BF8-459C-8E8E-B9F81E52CF57}"
EndProject
Project("{FAE04EC0-301F-11D3-BF4B-00C04F79EFBC}") = "Common", "..\..\Amur.20\Common\Common.csproj", "{31660004-130A-4001-A6D0-F8209EE3A3E6}"
EndProject
Project("{FAE04EC0-301F-11D3-BF4B-00C04F79EFBC}") = "NiokrBL", "..\..\NIOKR\NiokrBL\NiokrBL.csproj", "{BA206327-8491-4436-BDA0-91491160A8A7}"
EndProject
Project("{FAE04EC0-301F-11D3-BF4B-00C04F79EFBC}") = "NiokrDAL", "..\..\NIOKR\NiokrDAL\NiokrDAL.csproj", "{2FAAB6CC-1074-45C6-A47C-F49EA45A23B5}"
EndProject
Global
	GlobalSection(SolutionConfigurationPlatforms) = preSolution
		Debug|Any CPU = Debug|Any CPU
		Release|Any CPU = Release|Any CPU
	EndGlobalSection
	GlobalSection(ProjectConfigurationPlatforms) = postSolution
		{D8EBC812-E4BD-4D0F-B87C-DB3FFB501651}.Debug|Any CPU.ActiveCfg = Debug|Any CPU
		{D8EBC812-E4BD-4D0F-B87C-DB3FFB501651}.Debug|Any CPU.Build.0 = Debug|Any CPU
		{D8EBC812-E4BD-4D0F-B87C-DB3FFB501651}.Release|Any CPU.ActiveCfg = Release|Any CPU
		{D8EBC812-E4BD-4D0F-B87C-DB3FFB501651}.Release|Any CPU.Build.0 = Release|Any CPU
		{DA541FAB-7762-49A4-BC85-F6FF4D74E28B}.Debug|Any CPU.ActiveCfg = Debug|Any CPU
		{DA541FAB-7762-49A4-BC85-F6FF4D74E28B}.Debug|Any CPU.Build.0 = Debug|Any CPU
		{DA541FAB-7762-49A4-BC85-F6FF4D74E28B}.Release|Any CPU.ActiveCfg = Release|Any CPU
		{DA541FAB-7762-49A4-BC85-F6FF4D74E28B}.Release|Any CPU.Build.0 = Release|Any CPU
		{81804CF3-0BF8-459C-8E8E-B9F81E52CF57}.Debug|Any CPU.ActiveCfg = Debug|Any CPU
		{81804CF3-0BF8-459C-8E8E-B9F81E52CF57}.Debug|Any CPU.Build.0 = Debug|Any CPU
		{81804CF3-0BF8-459C-8E8E-B9F81E52CF57}.Release|Any CPU.ActiveCfg = Release|Any CPU
		{81804CF3-0BF8-459C-8E8E-B9F81E52CF57}.Release|Any CPU.Build.0 = Release|Any CPU
		{31660004-130A-4001-A6D0-F8209EE3A3E6}.Debug|Any CPU.ActiveCfg = Debug|Any CPU
		{31660004-130A-4001-A6D0-F8209EE3A3E6}.Debug|Any CPU.Build.0 = Debug|Any CPU
		{31660004-130A-4001-A6D0-F8209EE3A3E6}.Release|Any CPU.ActiveCfg = Release|Any CPU
		{31660004-130A-4001-A6D0-F8209EE3A3E6}.Release|Any CPU.Build.0 = Release|Any CPU
		{BA206327-8491-4436-BDA0-91491160A8A7}.Debug|Any CPU.ActiveCfg = Debug|Any CPU
		{BA206327-8491-4436-BDA0-91491160A8A7}.Debug|Any CPU.Build.0 = Debug|Any CPU
		{BA206327-8491-4436-BDA0-91491160A8A7}.Release|Any CPU.ActiveCfg = Release|Any CPU
		{BA206327-8491-4436-BDA0-91491160A8A7}.Release|Any CPU.Build.0 = Release|Any CPU
		{2FAAB6CC-1074-45C6-A47C-F49EA45A23B5}.Debug|Any CPU.ActiveCfg = Debug|Any CPU
		{2FAAB6CC-1074-45C6-A47C-F49EA45A23B5}.Debug|Any CPU.Build.0 = Debug|Any CPU
		{2FAAB6CC-1074-45C6-A47C-F49EA45A23B5}.Release|Any CPU.ActiveCfg = Release|Any CPU
		{2FAAB6CC-1074-45C6-A47C-F49EA45A23B5}.Release|Any CPU.Build.0 = Release|Any CPU
	EndGlobalSection
	GlobalSection(SolutionProperties) = preSolution
		HideSolutionNode = FALSE
	EndGlobalSection
EndGlobal
