
Microsoft Visual Studio Solution File, Format Version 12.00
# Visual Studio Version 16
VisualStudioVersion = 16.0.28729.10
MinimumVisualStudioVersion = 10.0.40219.1
Project("{FAE04EC0-301F-11D3-BF4B-00C04F79EFBC}") = "_TestWCFServiceField", "_TestWCFServiceField.csproj", "{4FB90DDF-8F0D-41F5-838B-B7F7AD08E1DB}"
EndProject
Project("{FAE04EC0-301F-11D3-BF4B-00C04F79EFBC}") = "SgmoBL", "..\..\..\SGMO\SgmoBL\SgmoBL.csproj", "{F583806C-BA90-4DD8-9044-9EC9C33D83CE}"
EndProject
Project("{FAE04EC0-301F-11D3-BF4B-00C04F79EFBC}") = "SgmoDAL", "..\..\..\SGMO\SgmoDAL\SgmoDAL.csproj", "{67779067-F033-4759-A94A-DF236F999E26}"
EndProject
Project("{FAE04EC0-301F-11D3-BF4B-00C04F79EFBC}") = "Common", "..\..\..\Amur-2.1\Common\Common.csproj", "{31660004-130A-4001-A6D0-F8209EE3A3E6}"
EndProject
Project("{FAE04EC0-301F-11D3-BF4B-00C04F79EFBC}") = "Geo", "..\..\..\Geo\Geo.csproj", "{34F63CAA-4627-4434-BE40-16AC1B3D2541}"
EndProject
Project("{FAE04EC0-301F-11D3-BF4B-00C04F79EFBC}") = "Grib", "..\..\..\Grib\Grib.csproj", "{B0362C23-4F7A-4A27-91C8-9772F850A3B0}"
EndProject
Project("{FAE04EC0-301F-11D3-BF4B-00C04F79EFBC}") = "Meta", "..\..\..\Amur-2.1\Meta\Meta.csproj", "{9FF17C08-FFD4-40FB-A371-C5907B7B4D27}"
EndProject
Project("{FAE04EC0-301F-11D3-BF4B-00C04F79EFBC}") = "MetaDAL", "..\..\..\Amur-2.1\MetaDAL\MetaDAL.csproj", "{73194647-7254-44FE-86A1-97AAF2B47F88}"
EndProject
Project("{2150E333-8FDC-42A3-9474-1A3956D46DE8}") = "DB", "DB", "{655E7E9D-3B30-429E-8BCF-1F8B77BE33A5}"
EndProject
Global
	GlobalSection(SolutionConfigurationPlatforms) = preSolution
		Debug|Any CPU = Debug|Any CPU
		Release|Any CPU = Release|Any CPU
	EndGlobalSection
	GlobalSection(ProjectConfigurationPlatforms) = postSolution
		{4FB90DDF-8F0D-41F5-838B-B7F7AD08E1DB}.Debug|Any CPU.ActiveCfg = Debug|Any CPU
		{4FB90DDF-8F0D-41F5-838B-B7F7AD08E1DB}.Debug|Any CPU.Build.0 = Debug|Any CPU
		{4FB90DDF-8F0D-41F5-838B-B7F7AD08E1DB}.Release|Any CPU.ActiveCfg = Release|Any CPU
		{4FB90DDF-8F0D-41F5-838B-B7F7AD08E1DB}.Release|Any CPU.Build.0 = Release|Any CPU
		{F583806C-BA90-4DD8-9044-9EC9C33D83CE}.Debug|Any CPU.ActiveCfg = Debug|Any CPU
		{F583806C-BA90-4DD8-9044-9EC9C33D83CE}.Debug|Any CPU.Build.0 = Debug|Any CPU
		{F583806C-BA90-4DD8-9044-9EC9C33D83CE}.Release|Any CPU.ActiveCfg = Release|Any CPU
		{F583806C-BA90-4DD8-9044-9EC9C33D83CE}.Release|Any CPU.Build.0 = Release|Any CPU
		{67779067-F033-4759-A94A-DF236F999E26}.Debug|Any CPU.ActiveCfg = Debug|Any CPU
		{67779067-F033-4759-A94A-DF236F999E26}.Debug|Any CPU.Build.0 = Debug|Any CPU
		{67779067-F033-4759-A94A-DF236F999E26}.Release|Any CPU.ActiveCfg = Release|Any CPU
		{67779067-F033-4759-A94A-DF236F999E26}.Release|Any CPU.Build.0 = Release|Any CPU
		{31660004-130A-4001-A6D0-F8209EE3A3E6}.Debug|Any CPU.ActiveCfg = Debug|Any CPU
		{31660004-130A-4001-A6D0-F8209EE3A3E6}.Debug|Any CPU.Build.0 = Debug|Any CPU
		{31660004-130A-4001-A6D0-F8209EE3A3E6}.Release|Any CPU.ActiveCfg = Release|Any CPU
		{31660004-130A-4001-A6D0-F8209EE3A3E6}.Release|Any CPU.Build.0 = Release|Any CPU
		{34F63CAA-4627-4434-BE40-16AC1B3D2541}.Debug|Any CPU.ActiveCfg = Debug|Any CPU
		{34F63CAA-4627-4434-BE40-16AC1B3D2541}.Debug|Any CPU.Build.0 = Debug|Any CPU
		{34F63CAA-4627-4434-BE40-16AC1B3D2541}.Release|Any CPU.ActiveCfg = Release|Any CPU
		{34F63CAA-4627-4434-BE40-16AC1B3D2541}.Release|Any CPU.Build.0 = Release|Any CPU
		{B0362C23-4F7A-4A27-91C8-9772F850A3B0}.Debug|Any CPU.ActiveCfg = Debug|Any CPU
		{B0362C23-4F7A-4A27-91C8-9772F850A3B0}.Debug|Any CPU.Build.0 = Debug|Any CPU
		{B0362C23-4F7A-4A27-91C8-9772F850A3B0}.Release|Any CPU.ActiveCfg = Release|Any CPU
		{B0362C23-4F7A-4A27-91C8-9772F850A3B0}.Release|Any CPU.Build.0 = Release|Any CPU
		{9FF17C08-FFD4-40FB-A371-C5907B7B4D27}.Debug|Any CPU.ActiveCfg = Debug|Any CPU
		{9FF17C08-FFD4-40FB-A371-C5907B7B4D27}.Debug|Any CPU.Build.0 = Debug|Any CPU
		{9FF17C08-FFD4-40FB-A371-C5907B7B4D27}.Release|Any CPU.ActiveCfg = Release|Any CPU
		{9FF17C08-FFD4-40FB-A371-C5907B7B4D27}.Release|Any CPU.Build.0 = Release|Any CPU
		{73194647-7254-44FE-86A1-97AAF2B47F88}.Debug|Any CPU.ActiveCfg = Debug|Any CPU
		{73194647-7254-44FE-86A1-97AAF2B47F88}.Debug|Any CPU.Build.0 = Debug|Any CPU
		{73194647-7254-44FE-86A1-97AAF2B47F88}.Release|Any CPU.ActiveCfg = Release|Any CPU
		{73194647-7254-44FE-86A1-97AAF2B47F88}.Release|Any CPU.Build.0 = Release|Any CPU
	EndGlobalSection
	GlobalSection(SolutionProperties) = preSolution
		HideSolutionNode = FALSE
	EndGlobalSection
	GlobalSection(ExtensibilityGlobals) = postSolution
		SolutionGuid = {A8D59786-F0C5-458F-8F26-806E93970409}
	EndGlobalSection
EndGlobal
